<?xml version="1.0" encoding="utf-8"?>
<Project ToolsVersion="4.0" xmlns="http://schemas.microsoft.com/developer/msbuild/2003">
  <ItemGroup>
    <Filter Include="Source Files">
      <UniqueIdentifier>{4FC737F1-C7A5-4376-A066-2A32D752A2FF}</UniqueIdentifier>
      <Extensions>cpp;c;cc;cxx;def;odl;idl;hpj;bat;asm;asmx</Extensions>
    </Filter>
    <Filter Include="Header Files">
      <UniqueIdentifier>{93995380-89BD-4b04-88EB-625FBE52EBFB}</UniqueIdentifier>
      <Extensions>h;hh;hpp;hxx;hm;inl;inc;xsd</Extensions>
    </Filter>
    <Filter Include="Resource Files">
      <UniqueIdentifier>{D9D6E242-F8AF-46E4-B9FD-80ECBC20BA3E}</UniqueIdentifier>
      <Extensions>qrc;*</Extensions>
      <ParseFiles>false</ParseFiles>
    </Filter>
    <Filter Include="Resource Files">
      <UniqueIdentifier>{D9D6E242-F8AF-46E4-B9FD-80ECBC20BA3E}</UniqueIdentifier>
      <Extensions>qrc;*</Extensions>
      <ParseFiles>false</ParseFiles>
    </Filter>
    <Filter Include="Generated Files">
      <UniqueIdentifier>{71ED8ED8-ACB9-4CE9-BBE1-E00B30144E11}</UniqueIdentifier>
      <Extensions>moc;h;cpp</Extensions>
      <SourceControlFiles>False</SourceControlFiles>
    </Filter>
    <Filter Include="QextSerialPort">
      <UniqueIdentifier>{08d81d63-85e2-4305-b99a-8b26c57638e5}</UniqueIdentifier>
    </Filter>
  </ItemGroup>
  <ItemGroup>
    <ClCompile Include="SWCommunication.cpp">
      <Filter>Source Files</Filter>
    </ClCompile>
    <ClCompile Include="QextSerialPort\qextserialbase.cpp">
      <Filter>QextSerialPort</Filter>
    </ClCompile>
    <ClCompile Include="QextSerialPort\qextserialenumerator.cpp">
      <Filter>QextSerialPort</Filter>
    </ClCompile>
    <ClCompile Include="QextSerialPort\win_qextserialport.cpp">
      <Filter>QextSerialPort</Filter>
    </ClCompile>
    <ClCompile Include="serial_communication.cpp">
      <Filter>Source Files</Filter>
    </ClCompile>
    <ClCompile Include="DownlinkMessageList.cpp">
      <Filter>Source Files</Filter>
    </ClCompile>
  </ItemGroup>
  <ItemGroup>
    <ClInclude Include="SWCommunication.h">
      <Filter>Header Files</Filter>
    </ClInclude>
    <ClInclude Include="QextSerialPort\qextserialenumerator.h">
      <Filter>QextSerialPort</Filter>
    </ClInclude>
    <ClInclude Include="i_communication.h">
      <Filter>Header Files</Filter>
    </ClInclude>
    <ClInclude Include="serial_communication.h">
      <Filter>Header Files</Filter>
    </ClInclude>
    <ClInclude Include="DownlinkMessageList.h">
      <Filter>Header Files</Filter>
    </ClInclude>
  </ItemGroup>
  <ItemGroup>
    <ClInclude Include="swcommunication_global.h">
      <Filter>Header Files</Filter>
    </ClInclude>
  </ItemGroup>
  <ItemGroup>
    <QtMoc Include="QextSerialPort\qextserialbase.h">
      <Filter>QextSerialPort</Filter>
    </QtMoc>
    <QtMoc Include="QextSerialPort\win_qextserialport.h">
      <Filter>QextSerialPort</Filter>
    </QtMoc>
  </ItemGroup>
</Project>